PODS:
  - Alamofire (4.8.0)
  - MJRefresh (3.4.3)
  - Reachability (3.2)
  - SDWebImage (5.0.2):
    - SDWebImage/Core (= 5.0.2)
  - SDWebImage/Core (5.0.2)
  - SVProgressHUD (2.2.5)

DEPENDENCIES:
  - Alamofire (= 4.8.0)
  - MJRefresh
  - Reachability
  - SDWebImage (= 5.0.2)
  - SVProgressHUD (= 2.2.5)

SPEC REPOS:
  trunk:
    - Alamofire
    - MJRefresh
    - Reachability
    - SDWebImage
    - SVProgressHUD

SPEC CHECKSUMS:
  Alamofire: 3ec537f71edc9804815215393ae2b1a8ea33a844
  MJRefresh: 53e3e3219f204425ee6d3e62e8733d3295944cd6
  Reachability: 33e18b67625424e47b6cde6d202dce689ad7af96
  SDWebImage: 6764b5fa0f73c203728052955dbefa2bf1f33282
  SVProgressHUD: 1428aafac632c1f86f62aa4243ec12008d7a51d6

PODFILE CHECKSUM: cf17fcf7ef51ff88f5633ad9eccb3ea4f75c81d4

COCOAPODS: 1.9.2
